// !$*UTF8*$!
{
	archiveVersion = 1;
	classes = {
	};
	objectVersion = 46;
	objects = {

/* Begin PBXBuildFile section */
		863C95A3EE332A25BFAD119C /* Pods_uSell.framework in Frameworks */ = {isa = PBXBuildFile; fileRef = 4F0CC35EB4FAE8E2B39B6F81 /* Pods_uSell.framework */; settings = {ATTRIBUTES = (Weak, ); }; };
		CA00C1B51B794132003F6DA8 /* CreatePostViewController.swift in Sources */ = {isa = PBXBuildFile; fileRef = CA00C1B41B794132003F6DA8 /* CreatePostViewController.swift */; };
		CA00C1B91B794BD9003F6DA8 /* MainViewController.swift in Sources */ = {isa = PBXBuildFile; fileRef = CA00C1B81B794BD9003F6DA8 /* MainViewController.swift */; };
		CA13DF971B8414880099F08C /* Reachability.swift in Sources */ = {isa = PBXBuildFile; fileRef = CA13DF961B8414880099F08C /* Reachability.swift */; };
		CA2066A31B82D1D000EF29F9 /* PasswordResetViewController.swift in Sources */ = {isa = PBXBuildFile; fileRef = CA2066A21B82D1D000EF29F9 /* PasswordResetViewController.swift */; };
		CA2066A51B82E37D00EF29F9 /* GlobalConstants.swift in Sources */ = {isa = PBXBuildFile; fileRef = CA2066A41B82E37D00EF29F9 /* GlobalConstants.swift */; };
		CA23D5D31B7449A100515812 /* RegisterPageViewController.swift in Sources */ = {isa = PBXBuildFile; fileRef = CA23D5D21B7449A100515812 /* RegisterPageViewController.swift */; };
		CA8B37E51B74578100813C1C /* LoginPageViewController.swift in Sources */ = {isa = PBXBuildFile; fileRef = CA8B37E41B74578100813C1C /* LoginPageViewController.swift */; };
		CAAD38621B7C040F00B1375C /* ChatRoomsViewController.swift in Sources */ = {isa = PBXBuildFile; fileRef = CAAD38611B7C040F00B1375C /* ChatRoomsViewController.swift */; };
		CAAFAD541B797C8E00E369A6 /* PostDetailsViewController.swift in Sources */ = {isa = PBXBuildFile; fileRef = CAAFAD531B797C8E00E369A6 /* PostDetailsViewController.swift */; };
		CAAFAD561B798B5D00E369A6 /* MyPostsViewController.swift in Sources */ = {isa = PBXBuildFile; fileRef = CAAFAD551B798B5D00E369A6 /* MyPostsViewController.swift */; };
		CAAFAD581B79913A00E369A6 /* EditPostViewController.swift in Sources */ = {isa = PBXBuildFile; fileRef = CAAFAD571B79913A00E369A6 /* EditPostViewController.swift */; };
		CAEDBBA51B9523C600C2F871 /* ChatsTableViewCell.swift in Sources */ = {isa = PBXBuildFile; fileRef = CAEDBBA41B9523C600C2F871 /* ChatsTableViewCell.swift */; };
		CAF7D7A71B7AC69A00F3E8F0 /* ChatViewController.swift in Sources */ = {isa = PBXBuildFile; fileRef = CAF7D7A61B7AC69A00F3E8F0 /* ChatViewController.swift */; };
		CAFB578C1B743366006791EC /* AppDelegate.swift in Sources */ = {isa = PBXBuildFile; fileRef = CAFB578B1B743366006791EC /* AppDelegate.swift */; };
		CAFB578E1B743366006791EC /* ViewController.swift in Sources */ = {isa = PBXBuildFile; fileRef = CAFB578D1B743366006791EC /* ViewController.swift */; };
		CAFB57911B743366006791EC /* Main.storyboard in Resources */ = {isa = PBXBuildFile; fileRef = CAFB578F1B743366006791EC /* Main.storyboard */; };
		CAFB57931B743366006791EC /* Images.xcassets in Resources */ = {isa = PBXBuildFile; fileRef = CAFB57921B743366006791EC /* Images.xcassets */; };
		CAFB57961B743366006791EC /* LaunchScreen.xib in Resources */ = {isa = PBXBuildFile; fileRef = CAFB57941B743366006791EC /* LaunchScreen.xib */; };
		CAFB57A21B743366006791EC /* uSellTests.swift in Sources */ = {isa = PBXBuildFile; fileRef = CAFB57A11B743366006791EC /* uSellTests.swift */; };
/* End PBXBuildFile section */

/* Begin PBXContainerItemProxy section */
		CAFB579C1B743366006791EC /* PBXContainerItemProxy */ = {
			isa = PBXContainerItemProxy;
			containerPortal = CAFB577E1B743366006791EC /* Project object */;
			proxyType = 1;
			remoteGlobalIDString = CAFB57851B743366006791EC;
			remoteInfo = uSell;
		};
/* End PBXContainerItemProxy section */

/* Begin PBXFileReference section */
		4F0CC35EB4FAE8E2B39B6F81 /* Pods_uSell.framework */ = {isa = PBXFileReference; explicitFileType = wrapper.framework; includeInIndex = 0; path = Pods_uSell.framework; sourceTree = BUILT_PRODUCTS_DIR; };
		58E10F49539A97BE4CE80743 /* Pods-uSell.debug.xcconfig */ = {isa = PBXFileReference; includeInIndex = 1; lastKnownFileType = text.xcconfig; name = "Pods-uSell.debug.xcconfig"; path = "Pods/Target Support Files/Pods-uSell/Pods-uSell.debug.xcconfig"; sourceTree = "<group>"; };
		5CF8D96BC705FDB58C5228C9 /* Pods-uSell.release.xcconfig */ = {isa = PBXFileReference; includeInIndex = 1; lastKnownFileType = text.xcconfig; name = "Pods-uSell.release.xcconfig"; path = "Pods/Target Support Files/Pods-uSell/Pods-uSell.release.xcconfig"; sourceTree = "<group>"; };
		CA00C1B41B794132003F6DA8 /* CreatePostViewController.swift */ = {isa = PBXFileReference; fileEncoding = 4; lastKnownFileType = sourcecode.swift; path = CreatePostViewController.swift; sourceTree = "<group>"; };
		CA00C1B81B794BD9003F6DA8 /* MainViewController.swift */ = {isa = PBXFileReference; fileEncoding = 4; lastKnownFileType = sourcecode.swift; path = MainViewController.swift; sourceTree = "<group>"; };
		CA13DF961B8414880099F08C /* Reachability.swift */ = {isa = PBXFileReference; fileEncoding = 4; lastKnownFileType = sourcecode.swift; path = Reachability.swift; sourceTree = "<group>"; };
		CA2066A21B82D1D000EF29F9 /* PasswordResetViewController.swift */ = {isa = PBXFileReference; fileEncoding = 4; lastKnownFileType = sourcecode.swift; path = PasswordResetViewController.swift; sourceTree = "<group>"; };
		CA2066A41B82E37D00EF29F9 /* GlobalConstants.swift */ = {isa = PBXFileReference; fileEncoding = 4; lastKnownFileType = sourcecode.swift; path = GlobalConstants.swift; sourceTree = "<group>"; };
		CA23D5D21B7449A100515812 /* RegisterPageViewController.swift */ = {isa = PBXFileReference; fileEncoding = 4; lastKnownFileType = sourcecode.swift; path = RegisterPageViewController.swift; sourceTree = "<group>"; };
		CA8B37E41B74578100813C1C /* LoginPageViewController.swift */ = {isa = PBXFileReference; fileEncoding = 4; lastKnownFileType = sourcecode.swift; path = LoginPageViewController.swift; sourceTree = "<group>"; };
		CAAD38611B7C040F00B1375C /* ChatRoomsViewController.swift */ = {isa = PBXFileReference; fileEncoding = 4; lastKnownFileType = sourcecode.swift; path = ChatRoomsViewController.swift; sourceTree = "<group>"; };
		CAAFAD531B797C8E00E369A6 /* PostDetailsViewController.swift */ = {isa = PBXFileReference; fileEncoding = 4; lastKnownFileType = sourcecode.swift; path = PostDetailsViewController.swift; sourceTree = "<group>"; };
		CAAFAD551B798B5D00E369A6 /* MyPostsViewController.swift */ = {isa = PBXFileReference; fileEncoding = 4; lastKnownFileType = sourcecode.swift; path = MyPostsViewController.swift; sourceTree = "<group>"; };
		CAAFAD571B79913A00E369A6 /* EditPostViewController.swift */ = {isa = PBXFileReference; fileEncoding = 4; lastKnownFileType = sourcecode.swift; path = EditPostViewController.swift; sourceTree = "<group>"; };
		CAEDBBA41B9523C600C2F871 /* ChatsTableViewCell.swift */ = {isa = PBXFileReference; fileEncoding = 4; lastKnownFileType = sourcecode.swift; path = ChatsTableViewCell.swift; sourceTree = "<group>"; };
		CAF7D7A61B7AC69A00F3E8F0 /* ChatViewController.swift */ = {isa = PBXFileReference; fileEncoding = 4; lastKnownFileType = sourcecode.swift; path = ChatViewController.swift; sourceTree = "<group>"; };
		CAFB57861B743366006791EC /* uMarket.app */ = {isa = PBXFileReference; explicitFileType = wrapper.application; includeInIndex = 0; path = uMarket.app; sourceTree = BUILT_PRODUCTS_DIR; };
		CAFB578A1B743366006791EC /* Info.plist */ = {isa = PBXFileReference; lastKnownFileType = text.plist.xml; path = Info.plist; sourceTree = "<group>"; };
		CAFB578B1B743366006791EC /* AppDelegate.swift */ = {isa = PBXFileReference; lastKnownFileType = sourcecode.swift; path = AppDelegate.swift; sourceTree = "<group>"; };
		CAFB578D1B743366006791EC /* ViewController.swift */ = {isa = PBXFileReference; lastKnownFileType = sourcecode.swift; path = ViewController.swift; sourceTree = "<group>"; };
		CAFB57901B743366006791EC /* Base */ = {isa = PBXFileReference; lastKnownFileType = file.storyboard; name = Base; path = Base.lproj/Main.storyboard; sourceTree = "<group>"; };
		CAFB57921B743366006791EC /* Images.xcassets */ = {isa = PBXFileReference; lastKnownFileType = folder.assetcatalog; path = Images.xcassets; sourceTree = "<group>"; };
		CAFB57951B743366006791EC /* Base */ = {isa = PBXFileReference; lastKnownFileType = file.xib; name = Base; path = Base.lproj/LaunchScreen.xib; sourceTree = "<group>"; };
		CAFB579B1B743366006791EC /* uMarketTests.xctest */ = {isa = PBXFileReference; explicitFileType = wrapper.cfbundle; includeInIndex = 0; path = uMarketTests.xctest; sourceTree = BUILT_PRODUCTS_DIR; };
		CAFB57A01B743366006791EC /* Info.plist */ = {isa = PBXFileReference; lastKnownFileType = text.plist.xml; path = Info.plist; sourceTree = "<group>"; };
		CAFB57A11B743366006791EC /* uSellTests.swift */ = {isa = PBXFileReference; lastKnownFileType = sourcecode.swift; path = uSellTests.swift; sourceTree = "<group>"; };
/* End PBXFileReference section */

/* Begin PBXFrameworksBuildPhase section */
		CAFB57831B743366006791EC /* Frameworks */ = {
			isa = PBXFrameworksBuildPhase;
			buildActionMask = 2147483647;
			files = (
				863C95A3EE332A25BFAD119C /* Pods_uSell.framework in Frameworks */,
			);
			runOnlyForDeploymentPostprocessing = 0;
		};
		CAFB57981B743366006791EC /* Frameworks */ = {
			isa = PBXFrameworksBuildPhase;
			buildActionMask = 2147483647;
			files = (
			);
			runOnlyForDeploymentPostprocessing = 0;
		};
/* End PBXFrameworksBuildPhase section */

/* Begin PBXGroup section */
		82DFBD7FE1648FAFC9A0AE06 /* Frameworks */ = {
			isa = PBXGroup;
			children = (
				4F0CC35EB4FAE8E2B39B6F81 /* Pods_uSell.framework */,
			);
			name = Frameworks;
			sourceTree = "<group>";
		};
		CA8B37E61B74578600813C1C /* Controllers */ = {
			isa = PBXGroup;
			children = (
				CA23D5D21B7449A100515812 /* RegisterPageViewController.swift */,
				CA2066A21B82D1D000EF29F9 /* PasswordResetViewController.swift */,
				CA8B37E41B74578100813C1C /* LoginPageViewController.swift */,
				CA00C1B41B794132003F6DA8 /* CreatePostViewController.swift */,
				CA00C1B81B794BD9003F6DA8 /* MainViewController.swift */,
				CAAFAD531B797C8E00E369A6 /* PostDetailsViewController.swift */,
				CAAFAD551B798B5D00E369A6 /* MyPostsViewController.swift */,
				CAAFAD571B79913A00E369A6 /* EditPostViewController.swift */,
				CAF7D7A61B7AC69A00F3E8F0 /* ChatViewController.swift */,
				CAAD38611B7C040F00B1375C /* ChatRoomsViewController.swift */,
			);
			name = Controllers;
			sourceTree = "<group>";
		};
		CAFB577D1B743366006791EC = {
			isa = PBXGroup;
			children = (
				CAFB57881B743366006791EC /* uSell */,
				CAFB579E1B743366006791EC /* uSellTests */,
				CAFB57871B743366006791EC /* Products */,
				E607825395E540A01CF24CBB /* Pods */,
				82DFBD7FE1648FAFC9A0AE06 /* Frameworks */,
			);
			sourceTree = "<group>";
		};
		CAFB57871B743366006791EC /* Products */ = {
			isa = PBXGroup;
			children = (
				CAFB57861B743366006791EC /* uMarket.app */,
				CAFB579B1B743366006791EC /* uMarketTests.xctest */,
			);
			name = Products;
			sourceTree = "<group>";
		};
		CAFB57881B743366006791EC /* uSell */ = {
			isa = PBXGroup;
			children = (
				CA8B37E61B74578600813C1C /* Controllers */,
				CAFB578B1B743366006791EC /* AppDelegate.swift */,
				CAFB578D1B743366006791EC /* ViewController.swift */,
				CAFB578F1B743366006791EC /* Main.storyboard */,
				CAFB57921B743366006791EC /* Images.xcassets */,
				CAFB57941B743366006791EC /* LaunchScreen.xib */,
				CAFB57891B743366006791EC /* Supporting Files */,
			);
			path = uSell;
			sourceTree = "<group>";
		};
		CAFB57891B743366006791EC /* Supporting Files */ = {
			isa = PBXGroup;
			children = (
				CAFB578A1B743366006791EC /* Info.plist */,
				CA13DF961B8414880099F08C /* Reachability.swift */,
				CA2066A41B82E37D00EF29F9 /* GlobalConstants.swift */,
				CAEDBBA41B9523C600C2F871 /* ChatsTableViewCell.swift */,
			);
			name = "Supporting Files";
			sourceTree = "<group>";
		};
		CAFB579E1B743366006791EC /* uSellTests */ = {
			isa = PBXGroup;
			children = (
				CAFB57A11B743366006791EC /* uSellTests.swift */,
				CAFB579F1B743366006791EC /* Supporting Files */,
			);
			path = uSellTests;
			sourceTree = "<group>";
		};
		CAFB579F1B743366006791EC /* Supporting Files */ = {
			isa = PBXGroup;
			children = (
				CAFB57A01B743366006791EC /* Info.plist */,
			);
			name = "Supporting Files";
			sourceTree = "<group>";
		};
		E607825395E540A01CF24CBB /* Pods */ = {
			isa = PBXGroup;
			children = (
				58E10F49539A97BE4CE80743 /* Pods-uSell.debug.xcconfig */,
				5CF8D96BC705FDB58C5228C9 /* Pods-uSell.release.xcconfig */,
			);
			name = Pods;
			sourceTree = "<group>";
		};
/* End PBXGroup section */

/* Begin PBXNativeTarget section */
		CAFB57851B743366006791EC /* uMarket */ = {
			isa = PBXNativeTarget;
			buildConfigurationList = CAFB57A51B743366006791EC /* Build configuration list for PBXNativeTarget "uMarket" */;
			buildPhases = (
				079832DBA35DAD34BB4369BE /* Check Pods Manifest.lock */,
				CAFB57821B743366006791EC /* Sources */,
				CAFB57831B743366006791EC /* Frameworks */,
				CAFB57841B743366006791EC /* Resources */,
				3563A53BE6ADF32B60FC141C /* Embed Pods Frameworks */,
				8E4EDEC7EBB51D3CDC956906 /* Copy Pods Resources */,
			);
			buildRules = (
			);
			dependencies = (
			);
			name = uMarket;
			productName = uSell;
			productReference = CAFB57861B743366006791EC /* uMarket.app */;
			productType = "com.apple.product-type.application";
		};
		CAFB579A1B743366006791EC /* uMarketTests */ = {
			isa = PBXNativeTarget;
			buildConfigurationList = CAFB57A81B743366006791EC /* Build configuration list for PBXNativeTarget "uMarketTests" */;
			buildPhases = (
				CAFB57971B743366006791EC /* Sources */,
				CAFB57981B743366006791EC /* Frameworks */,
				CAFB57991B743366006791EC /* Resources */,
			);
			buildRules = (
			);
			dependencies = (
				CAFB579D1B743366006791EC /* PBXTargetDependency */,
			);
			name = uMarketTests;
			productName = uSellTests;
			productReference = CAFB579B1B743366006791EC /* uMarketTests.xctest */;
			productType = "com.apple.product-type.bundle.unit-test";
		};
/* End PBXNativeTarget section */

/* Begin PBXProject section */
		CAFB577E1B743366006791EC /* Project object */ = {
			isa = PBXProject;
			attributes = {
				LastUpgradeCheck = 0640;
				TargetAttributes = {
					CAFB57851B743366006791EC = {
						CreatedOnToolsVersion = 6.4;
						DevelopmentTeam = QJEA5Z7B7H;
					};
					CAFB579A1B743366006791EC = {
						CreatedOnToolsVersion = 6.4;
						TestTargetID = CAFB57851B743366006791EC;
					};
				};
			};
			buildConfigurationList = CAFB57811B743366006791EC /* Build configuration list for PBXProject "uMarket" */;
			compatibilityVersion = "Xcode 3.2";
			developmentRegion = English;
			hasScannedForEncodings = 0;
			knownRegions = (
				en,
				Base,
			);
			mainGroup = CAFB577D1B743366006791EC;
			productRefGroup = CAFB57871B743366006791EC /* Products */;
			projectDirPath = "";
			projectRoot = "";
			targets = (
				CAFB57851B743366006791EC /* uMarket */,
				CAFB579A1B743366006791EC /* uMarketTests */,
			);
		};
/* End PBXProject section */

/* Begin PBXResourcesBuildPhase section */
		CAFB57841B743366006791EC /* Resources */ = {
			isa = PBXResourcesBuildPhase;
			buildActionMask = 2147483647;
			files = (
				CAFB57911B743366006791EC /* Main.storyboard in Resources */,
				CAFB57961B743366006791EC /* LaunchScreen.xib in Resources */,
				CAFB57931B743366006791EC /* Images.xcassets in Resources */,
			);
			runOnlyForDeploymentPostprocessing = 0;
		};
		CAFB57991B743366006791EC /* Resources */ = {
			isa = PBXResourcesBuildPhase;
			buildActionMask = 2147483647;
			files = (
			);
			runOnlyForDeploymentPostprocessing = 0;
		};
/* End PBXResourcesBuildPhase section */

/* Begin PBXShellScriptBuildPhase section */
		079832DBA35DAD34BB4369BE /* Check Pods Manifest.lock */ = {
			isa = PBXShellScriptBuildPhase;
			buildActionMask = 2147483647;
			files = (
			);
			inputPaths = (
			);
			name = "Check Pods Manifest.lock";
			outputPaths = (
			);
			runOnlyForDeploymentPostprocessing = 0;
			shellPath = /bin/sh;
			shellScript = "diff \"${PODS_ROOT}/../Podfile.lock\" \"${PODS_ROOT}/Manifest.lock\" > /dev/null\nif [[ $? != 0 ]] ; then\n    cat << EOM\nerror: The sandbox is not in sync with the Podfile.lock. Run 'pod install' or update your CocoaPods installation.\nEOM\n    exit 1\nfi\n";
			showEnvVarsInLog = 0;
		};
		3563A53BE6ADF32B60FC141C /* Embed Pods Frameworks */ = {
			isa = PBXShellScriptBuildPhase;
			buildActionMask = 2147483647;
			files = (
			);
			inputPaths = (
			);
			name = "Embed Pods Frameworks";
			outputPaths = (
			);
			runOnlyForDeploymentPostprocessing = 0;
			shellPath = /bin/sh;
			shellScript = "\"${SRCROOT}/Pods/Target Support Files/Pods-uSell/Pods-uSell-frameworks.sh\"\n";
			showEnvVarsInLog = 0;
		};
		8E4EDEC7EBB51D3CDC956906 /* Copy Pods Resources */ = {
			isa = PBXShellScriptBuildPhase;
			buildActionMask = 2147483647;
			files = (
			);
			inputPaths = (
			);
			name = "Copy Pods Resources";
			outputPaths = (
			);
			runOnlyForDeploymentPostprocessing = 0;
			shellPath = /bin/sh;
			shellScript = "\"${SRCROOT}/Pods/Target Support Files/Pods-uSell/Pods-uSell-resources.sh\"\n";
			showEnvVarsInLog = 0;
		};
/* End PBXShellScriptBuildPhase section */

/* Begin PBXSourcesBuildPhase section */
		CAFB57821B743366006791EC /* Sources */ = {
			isa = PBXSourcesBuildPhase;
			buildActionMask = 2147483647;
			files = (
				CA13DF971B8414880099F08C /* Reachability.swift in Sources */,
				CAEDBBA51B9523C600C2F871 /* ChatsTableViewCell.swift in Sources */,
				CA00C1B51B794132003F6DA8 /* CreatePostViewController.swift in Sources */,
				CAFB578E1B743366006791EC /* ViewController.swift in Sources */,
				CAAD38621B7C040F00B1375C /* ChatRoomsViewController.swift in Sources */,
				CAAFAD541B797C8E00E369A6 /* PostDetailsViewController.swift in Sources */,
				CA8B37E51B74578100813C1C /* LoginPageViewController.swift in Sources */,
				CAAFAD561B798B5D00E369A6 /* MyPostsViewController.swift in Sources */,
				CA00C1B91B794BD9003F6DA8 /* MainViewController.swift in Sources */,
				CA2066A51B82E37D00EF29F9 /* GlobalConstants.swift in Sources */,
				CA2066A31B82D1D000EF29F9 /* PasswordResetViewController.swift in Sources */,
				CAFB578C1B743366006791EC /* AppDelegate.swift in Sources */,
				CAAFAD581B79913A00E369A6 /* EditPostViewController.swift in Sources */,
				CAF7D7A71B7AC69A00F3E8F0 /* ChatViewController.swift in Sources */,
				CA23D5D31B7449A100515812 /* RegisterPageViewController.swift in Sources */,
			);
			runOnlyForDeploymentPostprocessing = 0;
		};
		CAFB57971B743366006791EC /* Sources */ = {
			isa = PBXSourcesBuildPhase;
			buildActionMask = 2147483647;
			files = (
				CAFB57A21B743366006791EC /* uSellTests.swift in Sources */,
			);
			runOnlyForDeploymentPostprocessing = 0;
		};
/* End PBXSourcesBuildPhase section */

/* Begin PBXTargetDependency section */
		CAFB579D1B743366006791EC /* PBXTargetDependency */ = {
			isa = PBXTargetDependency;
			target = CAFB57851B743366006791EC /* uMarket */;
			targetProxy = CAFB579C1B743366006791EC /* PBXContainerItemProxy */;
		};
/* End PBXTargetDependency section */

/* Begin PBXVariantGroup section */
		CAFB578F1B743366006791EC /* Main.storyboard */ = {
			isa = PBXVariantGroup;
			children = (
				CAFB57901B743366006791EC /* Base */,
			);
			name = Main.storyboard;
			sourceTree = "<group>";
		};
		CAFB57941B743366006791EC /* LaunchScreen.xib */ = {
			isa = PBXVariantGroup;
			children = (
				CAFB57951B743366006791EC /* Base */,
			);
			name = LaunchScreen.xib;
			sourceTree = "<group>";
		};
/* End PBXVariantGroup section */

/* Begin XCBuildConfiguration section */
		CAFB57A31B743366006791EC /* Debug */ = {
			isa = XCBuildConfiguration;
			buildSettings = {
				ALWAYS_SEARCH_USER_PATHS = NO;
				CLANG_CXX_LANGUAGE_STANDARD = "gnu++0x";
				CLANG_CXX_LIBRARY = "libc++";
				CLANG_ENABLE_MODULES = YES;
				CLANG_ENABLE_OBJC_ARC = YES;
				CLANG_WARN_BOOL_CONVERSION = YES;
				CLANG_WARN_CONSTANT_CONVERSION = YES;
				CLANG_WARN_DIRECT_OBJC_ISA_USAGE = YES_ERROR;
				CLANG_WARN_EMPTY_BODY = YES;
				CLANG_WARN_ENUM_CONVERSION = YES;
				CLANG_WARN_INT_CONVERSION = YES;
				CLANG_WARN_OBJC_ROOT_CLASS = YES_ERROR;
				CLANG_WARN_UNREACHABLE_CODE = YES;
				CLANG_WARN__DUPLICATE_METHOD_MATCH = YES;
				"CODE_SIGN_IDENTITY[sdk=iphoneos*]" = "iPhone Developer";
				COPY_PHASE_STRIP = NO;
				DEBUG_INFORMATION_FORMAT = "dwarf-with-dsym";
				ENABLE_STRICT_OBJC_MSGSEND = YES;
				GCC_C_LANGUAGE_STANDARD = gnu99;
				GCC_DYNAMIC_NO_PIC = NO;
				GCC_NO_COMMON_BLOCKS = YES;
				GCC_OPTIMIZATION_LEVEL = 0;
				GCC_PREPROCESSOR_DEFINITIONS = (
					"DEBUG=1",
					"$(inherited)",
				);
				GCC_SYMBOLS_PRIVATE_EXTERN = NO;
				GCC_WARN_64_TO_32_BIT_CONVERSION = YES;
				GCC_WARN_ABOUT_RETURN_TYPE = YES_ERROR;
				GCC_WARN_UNDECLARED_SELECTOR = YES;
				GCC_WARN_UNINITIALIZED_AUTOS = YES_AGGRESSIVE;
				GCC_WARN_UNUSED_FUNCTION = YES;
				GCC_WARN_UNUSED_VARIABLE = YES;
				IPHONEOS_DEPLOYMENT_TARGET = 8.4;
				MTL_ENABLE_DEBUG_INFO = YES;
				ONLY_ACTIVE_ARCH = YES;
				SDKROOT = iphoneos;
				SWIFT_OPTIMIZATION_LEVEL = "-Onone";
			};
			name = Debug;
		};
		CAFB57A41B743366006791EC /* Release */ = {
			isa = XCBuildConfiguration;
			buildSettings = {
				ALWAYS_SEARCH_USER_PATHS = NO;
				CLANG_CXX_LANGUAGE_STANDARD = "gnu++0x";
				CLANG_CXX_LIBRARY = "libc++";
				CLANG_ENABLE_MODULES = YES;
				CLANG_ENABLE_OBJC_ARC = YES;
				CLANG_WARN_BOOL_CONVERSION = YES;
				CLANG_WARN_CONSTANT_CONVERSION = YES;
				CLANG_WARN_DIRECT_OBJC_ISA_USAGE = YES_ERROR;
				CLANG_WARN_EMPTY_BODY = YES;
				CLANG_WARN_ENUM_CONVERSION = YES;
				CLANG_WARN_INT_CONVERSION = YES;
				CLANG_WARN_OBJC_ROOT_CLASS = YES_ERROR;
				CLANG_WARN_UNREACHABLE_CODE = YES;
				CLANG_WARN__DUPLICATE_METHOD_MATCH = YES;
				"CODE_SIGN_IDENTITY[sdk=iphoneos*]" = "iPhone Developer";
				COPY_PHASE_STRIP = NO;
				DEBUG_INFORMATION_FORMAT = "dwarf-with-dsym";
				ENABLE_NS_ASSERTIONS = NO;
				ENABLE_STRICT_OBJC_MSGSEND = YES;
				GCC_C_LANGUAGE_STANDARD = gnu99;
				GCC_NO_COMMON_BLOCKS = YES;
				GCC_WARN_64_TO_32_BIT_CONVERSION = YES;
				GCC_WARN_ABOUT_RETURN_TYPE = YES_ERROR;
				GCC_WARN_UNDECLARED_SELECTOR = YES;
				GCC_WARN_UNINITIALIZED_AUTOS = YES_AGGRESSIVE;
				GCC_WARN_UNUSED_FUNCTION = YES;
				GCC_WARN_UNUSED_VARIABLE = YES;
				IPHONEOS_DEPLOYMENT_TARGET = 8.4;
				MTL_ENABLE_DEBUG_INFO = NO;
				SDKROOT = iphoneos;
				VALIDATE_PRODUCT = YES;
			};
			name = Release;
		};
		CAFB57A61B743366006791EC /* Debug */ = {
			isa = XCBuildConfiguration;
			baseConfigurationReference = 58E10F49539A97BE4CE80743 /* Pods-uSell.debug.xcconfig */;
			buildSettings = {
				ASSETCATALOG_COMPILER_APPICON_NAME = AppIcon;
				CODE_SIGN_IDENTITY = "iPhone Developer";
				INFOPLIST_FILE = uSell/Info.plist;
				LD_RUNPATH_SEARCH_PATHS = "$(inherited) @executable_path/Frameworks";
				PRODUCT_NAME = uMarket;
				TARGETED_DEVICE_FAMILY = "1,2";
			};
			name = Debug;
		};
		CAFB57A71B743366006791EC /* Release */ = {
			isa = XCBuildConfiguration;
			baseConfigurationReference = 5CF8D96BC705FDB58C5228C9 /* Pods-uSell.release.xcconfig */;
			buildSettings = {
				ASSETCATALOG_COMPILER_APPICON_NAME = AppIcon;
				CODE_SIGN_IDENTITY = "iPhone Developer";
				INFOPLIST_FILE = uSell/Info.plist;
				LD_RUNPATH_SEARCH_PATHS = "$(inherited) @executable_path/Frameworks";
				PRODUCT_NAME = uMarket;
				TARGETED_DEVICE_FAMILY = "1,2";
			};
			name = Release;
		};
		CAFB57A91B743366006791EC /* Debug */ = {
			isa = XCBuildConfiguration;
			buildSettings = {
				BUNDLE_LOADER = "$(TEST_HOST)";
				FRAMEWORK_SEARCH_PATHS = (
					"$(SDKROOT)/Developer/Library/Frameworks",
					"$(inherited)",
				);
				GCC_PREPROCESSOR_DEFINITIONS = (
					"DEBUG=1",
					"$(inherited)",
				);
				INFOPLIST_FILE = uSellTests/Info.plist;
				LD_RUNPATH_SEARCH_PATHS = "$(inherited) @executable_path/Frameworks @loader_path/Frameworks";
				PRODUCT_NAME = uMarketTests;
				TEST_HOST = "$(BUILT_PRODUCTS_DIR)/uSell.app/uSell";
			};
			name = Debug;
		};
		CAFB57AA1B743366006791EC /* Release */ = {
			isa = XCBuildConfiguration;
			buildSettings = {
				BUNDLE_LOADER = "$(TEST_HOST)";
				FRAMEWORK_SEARCH_PATHS = (
					"$(SDKROOT)/Developer/Library/Frameworks",
					"$(inherited)",
				);
				INFOPLIST_FILE = uSellTests/Info.plist;
				LD_RUNPATH_SEARCH_PATHS = "$(inherited) @executable_path/Frameworks @loader_path/Frameworks";
				PRODUCT_NAME = uMarketTests;
				TEST_HOST = "$(BUILT_PRODUCTS_DIR)/uSell.app/uSell";
			};
			name = Release;
		};
/* End XCBuildConfiguration section */

/* Begin XCConfigurationList section */
		CAFB57811B743366006791EC /* Build configuration list for PBXProject "uMarket" */ = {
			isa = XCConfigurationList;
			buildConfigurations = (
				CAFB57A31B743366006791EC /* Debug */,
				CAFB57A41B743366006791EC /* Release */,
			);
			defaultConfigurationIsVisible = 0;
			defaultConfigurationName = Release;
		};
		CAFB57A51B743366006791EC /* Build configuration list for PBXNativeTarget "uMarket" */ = {
			isa = XCConfigurationList;
			buildConfigurations = (
				CAFB57A61B743366006791EC /* Debug */,
				CAFB57A71B743366006791EC /* Release */,
			);
			defaultConfigurationIsVisible = 0;
			defaultConfigurationName = Release;
		};
		CAFB57A81B743366006791EC /* Build configuration list for PBXNativeTarget "uMarketTests" */ = {
			isa = XCConfigurationList;
			buildConfigurations = (
				CAFB57A91B743366006791EC /* Debug */,
				CAFB57AA1B743366006791EC /* Release */,
			);
			defaultConfigurationIsVisible = 0;
			defaultConfigurationName = Release;
		};
/* End XCConfigurationList section */
	};
	rootObject = CAFB577E1B743366006791EC /* Project object */;
}
